// !$*UTF8*$!
{
	archiveVersion = 1;
	classes = {
	};
	objectVersion = 46;
	objects = {

/* Begin PBXBuildFile section */
		00E356F31AD99517003FC87E /* ostWalletRNAppTests.m in Sources */ = {isa = PBXBuildFile; fileRef = 00E356F21AD99517003FC87E /* ostWalletRNAppTests.m */; };
		13B07FBC1A68108700A75B9A /* AppDelegate.m in Sources */ = {isa = PBXBuildFile; fileRef = 13B07FB01A68108700A75B9A /* AppDelegate.m */; };
		13B07FBD1A68108700A75B9A /* LaunchScreen.xib in Resources */ = {isa = PBXBuildFile; fileRef = 13B07FB11A68108700A75B9A /* LaunchScreen.xib */; };
		13B07FBF1A68108700A75B9A /* Images.xcassets in Resources */ = {isa = PBXBuildFile; fileRef = 13B07FB51A68108700A75B9A /* Images.xcassets */; };
		13B07FC11A68108700A75B9A /* main.m in Sources */ = {isa = PBXBuildFile; fileRef = 13B07FB71A68108700A75B9A /* main.m */; };
		2D02E4BC1E0B4A80006451C7 /* AppDelegate.m in Sources */ = {isa = PBXBuildFile; fileRef = 13B07FB01A68108700A75B9A /* AppDelegate.m */; };
		2D02E4BD1E0B4A84006451C7 /* Images.xcassets in Resources */ = {isa = PBXBuildFile; fileRef = 13B07FB51A68108700A75B9A /* Images.xcassets */; };
		2D02E4BF1E0B4AB3006451C7 /* main.m in Sources */ = {isa = PBXBuildFile; fileRef = 13B07FB71A68108700A75B9A /* main.m */; };
		2DCD954D1E0B4F2C00145EB5 /* ostWalletRNAppTests.m in Sources */ = {isa = PBXBuildFile; fileRef = 00E356F21AD99517003FC87E /* ostWalletRNAppTests.m */; };
		4BC8FA522397CDDC008F3D80 /* BaseSdkInteract.m in Sources */ = {isa = PBXBuildFile; fileRef = 4BC8FA342397CDDC008F3D80 /* BaseSdkInteract.m */; };
		4BC8FA532397CDDC008F3D80 /* OstPinAcceptWrap.m in Sources */ = {isa = PBXBuildFile; fileRef = 4BC8FA362397CDDC008F3D80 /* OstPinAcceptWrap.m */; };
		4BC8FA542397CDDC008F3D80 /* OstJsonApiCallbackImpl.m in Sources */ = {isa = PBXBuildFile; fileRef = 4BC8FA372397CDDC008F3D80 /* OstJsonApiCallbackImpl.m */; };
		4BC8FA552397CDDC008F3D80 /* OstVerifyDataWrap.m in Sources */ = {isa = PBXBuildFile; fileRef = 4BC8FA382397CDDC008F3D80 /* OstVerifyDataWrap.m */; };
		4BC8FA562397CDDC008F3D80 /* OstDeviceRegisteredWrap.m in Sources */ = {isa = PBXBuildFile; fileRef = 4BC8FA392397CDDC008F3D80 /* OstDeviceRegisteredWrap.m */; };
		4BC8FA572397CDDC008F3D80 /* OstPassphrasePrefixAcceptWrap.m in Sources */ = {isa = PBXBuildFile; fileRef = 4BC8FA3D2397CDDC008F3D80 /* OstPassphrasePrefixAcceptWrap.m */; };
		4BC8FA582397CDDC008F3D80 /* OstRNErrorUtils.m in Sources */ = {isa = PBXBuildFile; fileRef = 4BC8FA3F2397CDDC008F3D80 /* OstRNErrorUtils.m */; };
		4BC8FA592397CDDC008F3D80 /* OstRNSdkCallbackManager.m in Sources */ = {isa = PBXBuildFile; fileRef = 4BC8FA412397CDDC008F3D80 /* OstRNSdkCallbackManager.m */; };
		4BC8FA5A2397CDDC008F3D80 /* OstMessageBus.m in Sources */ = {isa = PBXBuildFile; fileRef = 4BC8FA422397CDDC008F3D80 /* OstMessageBus.m */; };
		4BC8FA5B2397CDDC008F3D80 /* OstWalletRnSdk.m in Sources */ = {isa = PBXBuildFile; fileRef = 4BC8FA462397CDDC008F3D80 /* OstWalletRnSdk.m */; };
		4BC8FA5C2397CDDC008F3D80 /* OstRNSdkUICallbackManager.m in Sources */ = {isa = PBXBuildFile; fileRef = 4BC8FA482397CDDC008F3D80 /* OstRNSdkUICallbackManager.m */; };
		4BC8FA5D2397CDDC008F3D80 /* OstWalletRnSdkUI.m in Sources */ = {isa = PBXBuildFile; fileRef = 4BC8FA492397CDDC008F3D80 /* OstWalletRnSdkUI.m */; };
		4BC8FA5E2397CDDC008F3D80 /* OstUICallbackImpl.m in Sources */ = {isa = PBXBuildFile; fileRef = 4BC8FA4D2397CDDC008F3D80 /* OstUICallbackImpl.m */; };
		4BC8FA5F2397CDDC008F3D80 /* OstWorkFlowCallbackImpl.m in Sources */ = {isa = PBXBuildFile; fileRef = 4BC8FA4F2397CDDC008F3D80 /* OstWorkFlowCallbackImpl.m */; };
		4BC8FA602397CDDC008F3D80 /* OstWalletRnSdkApi.m in Sources */ = {isa = PBXBuildFile; fileRef = 4BC8FA512397CDDC008F3D80 /* OstWalletRnSdkApi.m */; };
		4BC8FA622397CE4C008F3D80 /* OstWalletSdk.framework in Frameworks */ = {isa = PBXBuildFile; fileRef = 4BC8FA612397CE4C008F3D80 /* OstWalletSdk.framework */; };
		7153A9EAE1E4E68570A3EF44 /* libPods-ostWalletRNApp-tvOSTests.a in Frameworks */ = {isa = PBXBuildFile; fileRef = BF28F69FCE908978F5509C58 /* libPods-ostWalletRNApp-tvOSTests.a */; };
		9FBDC198B43C9301ED68C4D7 /* libPods-ostWalletRNApp.a in Frameworks */ = {isa = PBXBuildFile; fileRef = 3F63017DD967F991CC78A6AE /* libPods-ostWalletRNApp.a */; };
		C55408A230C4692342AD1572 /* libPods-ostWalletRNApp-tvOS.a in Frameworks */ = {isa = PBXBuildFile; fileRef = D1CD798E583882B327B852B2 /* libPods-ostWalletRNApp-tvOS.a */; };
		EF9D3AF38181848F267C1A68 /* libPods-ostWalletRNAppTests.a in Frameworks */ = {isa = PBXBuildFile; fileRef = 5FC2C839D3DB2933CAEBE633 /* libPods-ostWalletRNAppTests.a */; };
/* End PBXBuildFile section */

/* Begin PBXContainerItemProxy section */
		00E356F41AD99517003FC87E /* PBXContainerItemProxy */ = {
			isa = PBXContainerItemProxy;
			containerPortal = 83CBB9F71A601CBA00E9B192 /* Project object */;
			proxyType = 1;
			remoteGlobalIDString = 13B07F861A680F5B00A75B9A;
			remoteInfo = ostWalletRNApp;
		};
		2D02E4911E0B4A5D006451C7 /* PBXContainerItemProxy */ = {
			isa = PBXContainerItemProxy;
			containerPortal = 83CBB9F71A601CBA00E9B192 /* Project object */;
			proxyType = 1;
			remoteGlobalIDString = 2D02E47A1E0B4A5D006451C7;
			remoteInfo = "ostWalletRNApp-tvOS";
		};
/* End PBXContainerItemProxy section */

/* Begin PBXFileReference section */
		008F07F21AC5B25A0029DE68 /* main.jsbundle */ = {isa = PBXFileReference; fileEncoding = 4; lastKnownFileType = text; path = main.jsbundle; sourceTree = "<group>"; };
		00E356EE1AD99517003FC87E /* ostWalletRNAppTests.xctest */ = {isa = PBXFileReference; explicitFileType = wrapper.cfbundle; includeInIndex = 0; path = ostWalletRNAppTests.xctest; sourceTree = BUILT_PRODUCTS_DIR; };
		00E356F11AD99517003FC87E /* Info.plist */ = {isa = PBXFileReference; lastKnownFileType = text.plist.xml; path = Info.plist; sourceTree = "<group>"; };
		00E356F21AD99517003FC87E /* ostWalletRNAppTests.m */ = {isa = PBXFileReference; lastKnownFileType = sourcecode.c.objc; path = ostWalletRNAppTests.m; sourceTree = "<group>"; };
		13B07F961A680F5B00A75B9A /* ostWalletRNApp.app */ = {isa = PBXFileReference; explicitFileType = wrapper.application; includeInIndex = 0; path = ostWalletRNApp.app; sourceTree = BUILT_PRODUCTS_DIR; };
		13B07FAF1A68108700A75B9A /* AppDelegate.h */ = {isa = PBXFileReference; fileEncoding = 4; lastKnownFileType = sourcecode.c.h; name = AppDelegate.h; path = ostWalletRNApp/AppDelegate.h; sourceTree = "<group>"; };
		13B07FB01A68108700A75B9A /* AppDelegate.m */ = {isa = PBXFileReference; fileEncoding = 4; lastKnownFileType = sourcecode.c.objc; name = AppDelegate.m; path = ostWalletRNApp/AppDelegate.m; sourceTree = "<group>"; };
		13B07FB21A68108700A75B9A /* Base */ = {isa = PBXFileReference; lastKnownFileType = file.xib; name = Base; path = Base.lproj/LaunchScreen.xib; sourceTree = "<group>"; };
		13B07FB51A68108700A75B9A /* Images.xcassets */ = {isa = PBXFileReference; lastKnownFileType = folder.assetcatalog; name = Images.xcassets; path = ostWalletRNApp/Images.xcassets; sourceTree = "<group>"; };
		13B07FB61A68108700A75B9A /* Info.plist */ = {isa = PBXFileReference; fileEncoding = 4; lastKnownFileType = text.plist.xml; name = Info.plist; path = ostWalletRNApp/Info.plist; sourceTree = "<group>"; };
		13B07FB71A68108700A75B9A /* main.m */ = {isa = PBXFileReference; fileEncoding = 4; lastKnownFileType = sourcecode.c.objc; name = main.m; path = ostWalletRNApp/main.m; sourceTree = "<group>"; };
		141276F50AFE3457E684757C /* Pods-ostWalletRNApp-tvOSTests.debug.xcconfig */ = {isa = PBXFileReference; includeInIndex = 1; lastKnownFileType = text.xcconfig; name = "Pods-ostWalletRNApp-tvOSTests.debug.xcconfig"; path = "Target Support Files/Pods-ostWalletRNApp-tvOSTests/Pods-ostWalletRNApp-tvOSTests.debug.xcconfig"; sourceTree = "<group>"; };
		2D02E47B1E0B4A5D006451C7 /* ostWalletRNApp-tvOS.app */ = {isa = PBXFileReference; explicitFileType = wrapper.application; includeInIndex = 0; path = "ostWalletRNApp-tvOS.app"; sourceTree = BUILT_PRODUCTS_DIR; };
		2D02E4901E0B4A5D006451C7 /* ostWalletRNApp-tvOSTests.xctest */ = {isa = PBXFileReference; explicitFileType = wrapper.cfbundle; includeInIndex = 0; path = "ostWalletRNApp-tvOSTests.xctest"; sourceTree = BUILT_PRODUCTS_DIR; };
		2EBC85656874384E31D89E26 /* Pods-ostWalletRNApp-tvOS.release.xcconfig */ = {isa = PBXFileReference; includeInIndex = 1; lastKnownFileType = text.xcconfig; name = "Pods-ostWalletRNApp-tvOS.release.xcconfig"; path = "Target Support Files/Pods-ostWalletRNApp-tvOS/Pods-ostWalletRNApp-tvOS.release.xcconfig"; sourceTree = "<group>"; };
		3C81E827A2C1FEE7027500D1 /* Pods-ostWalletRNAppTests.release.xcconfig */ = {isa = PBXFileReference; includeInIndex = 1; lastKnownFileType = text.xcconfig; name = "Pods-ostWalletRNAppTests.release.xcconfig"; path = "Target Support Files/Pods-ostWalletRNAppTests/Pods-ostWalletRNAppTests.release.xcconfig"; sourceTree = "<group>"; };
		3F63017DD967F991CC78A6AE /* libPods-ostWalletRNApp.a */ = {isa = PBXFileReference; explicitFileType = archive.ar; includeInIndex = 0; path = "libPods-ostWalletRNApp.a"; sourceTree = BUILT_PRODUCTS_DIR; };
		4B06EE2B2396824000FAF630 /* libReact-cxxreact.a */ = {isa = PBXFileReference; explicitFileType = archive.ar; path = "libReact-cxxreact.a"; sourceTree = BUILT_PRODUCTS_DIR; };
		4BC8FA332397CDDC008F3D80 /* OstDeviceRegisteredWrap.h */ = {isa = PBXFileReference; fileEncoding = 4; lastKnownFileType = sourcecode.c.h; path = OstDeviceRegisteredWrap.h; sourceTree = "<group>"; };
		4BC8FA342397CDDC008F3D80 /* BaseSdkInteract.m */ = {isa = PBXFileReference; fileEncoding = 4; lastKnownFileType = sourcecode.c.objc; path = BaseSdkInteract.m; sourceTree = "<group>"; };
		4BC8FA352397CDDC008F3D80 /* OstPassphrasePrefixAcceptWrap.h */ = {isa = PBXFileReference; fileEncoding = 4; lastKnownFileType = sourcecode.c.h; path = OstPassphrasePrefixAcceptWrap.h; sourceTree = "<group>"; };
		4BC8FA362397CDDC008F3D80 /* OstPinAcceptWrap.m */ = {isa = PBXFileReference; fileEncoding = 4; lastKnownFileType = sourcecode.c.objc; path = OstPinAcceptWrap.m; sourceTree = "<group>"; };
		4BC8FA372397CDDC008F3D80 /* OstJsonApiCallbackImpl.m */ = {isa = PBXFileReference; fileEncoding = 4; lastKnownFileType = sourcecode.c.objc; path = OstJsonApiCallbackImpl.m; sourceTree = "<group>"; };
		4BC8FA382397CDDC008F3D80 /* OstVerifyDataWrap.m */ = {isa = PBXFileReference; fileEncoding = 4; lastKnownFileType = sourcecode.c.objc; path = OstVerifyDataWrap.m; sourceTree = "<group>"; };
		4BC8FA392397CDDC008F3D80 /* OstDeviceRegisteredWrap.m */ = {isa = PBXFileReference; fileEncoding = 4; lastKnownFileType = sourcecode.c.objc; path = OstDeviceRegisteredWrap.m; sourceTree = "<group>"; };
		4BC8FA3A2397CDDC008F3D80 /* BaseSdkInteract.h */ = {isa = PBXFileReference; fileEncoding = 4; lastKnownFileType = sourcecode.c.h; path = BaseSdkInteract.h; sourceTree = "<group>"; };
		4BC8FA3B2397CDDC008F3D80 /* OstJsonApiCallbackImpl.h */ = {isa = PBXFileReference; fileEncoding = 4; lastKnownFileType = sourcecode.c.h; path = OstJsonApiCallbackImpl.h; sourceTree = "<group>"; };
		4BC8FA3C2397CDDC008F3D80 /* OstPinAcceptWrap.h */ = {isa = PBXFileReference; fileEncoding = 4; lastKnownFileType = sourcecode.c.h; path = OstPinAcceptWrap.h; sourceTree = "<group>"; };
		4BC8FA3D2397CDDC008F3D80 /* OstPassphrasePrefixAcceptWrap.m */ = {isa = PBXFileReference; fileEncoding = 4; lastKnownFileType = sourcecode.c.objc; path = OstPassphrasePrefixAcceptWrap.m; sourceTree = "<group>"; };
		4BC8FA3E2397CDDC008F3D80 /* OstVerifyDataWrap.h */ = {isa = PBXFileReference; fileEncoding = 4; lastKnownFileType = sourcecode.c.h; path = OstVerifyDataWrap.h; sourceTree = "<group>"; };
		4BC8FA3F2397CDDC008F3D80 /* OstRNErrorUtils.m */ = {isa = PBXFileReference; fileEncoding = 4; lastKnownFileType = sourcecode.c.objc; path = OstRNErrorUtils.m; sourceTree = "<group>"; };
		4BC8FA402397CDDC008F3D80 /* OstWalletRnSdk.h */ = {isa = PBXFileReference; fileEncoding = 4; lastKnownFileType = sourcecode.c.h; path = OstWalletRnSdk.h; sourceTree = "<group>"; };
		4BC8FA412397CDDC008F3D80 /* OstRNSdkCallbackManager.m */ = {isa = PBXFileReference; fileEncoding = 4; lastKnownFileType = sourcecode.c.objc; path = OstRNSdkCallbackManager.m; sourceTree = "<group>"; };
		4BC8FA422397CDDC008F3D80 /* OstMessageBus.m */ = {isa = PBXFileReference; fileEncoding = 4; lastKnownFileType = sourcecode.c.objc; path = OstMessageBus.m; sourceTree = "<group>"; };
		4BC8FA432397CDDC008F3D80 /* OstWorkFlowCallbackImpl.h */ = {isa = PBXFileReference; fileEncoding = 4; lastKnownFileType = sourcecode.c.h; path = OstWorkFlowCallbackImpl.h; sourceTree = "<group>"; };
		4BC8FA442397CDDC008F3D80 /* OstWalletRnSdkApi.h */ = {isa = PBXFileReference; fileEncoding = 4; lastKnownFileType = sourcecode.c.h; path = OstWalletRnSdkApi.h; sourceTree = "<group>"; };
		4BC8FA452397CDDC008F3D80 /* OstRNSdkCallbackManager.h */ = {isa = PBXFileReference; fileEncoding = 4; lastKnownFileType = sourcecode.c.h; path = OstRNSdkCallbackManager.h; sourceTree = "<group>"; };
		4BC8FA462397CDDC008F3D80 /* OstWalletRnSdk.m */ = {isa = PBXFileReference; fileEncoding = 4; lastKnownFileType = sourcecode.c.objc; path = OstWalletRnSdk.m; sourceTree = "<group>"; };
		4BC8FA482397CDDC008F3D80 /* OstRNSdkUICallbackManager.m */ = {isa = PBXFileReference; fileEncoding = 4; lastKnownFileType = sourcecode.c.objc; path = OstRNSdkUICallbackManager.m; sourceTree = "<group>"; };
		4BC8FA492397CDDC008F3D80 /* OstWalletRnSdkUI.m */ = {isa = PBXFileReference; fileEncoding = 4; lastKnownFileType = sourcecode.c.objc; path = OstWalletRnSdkUI.m; sourceTree = "<group>"; };
		4BC8FA4A2397CDDC008F3D80 /* OstUICallbackImpl.h */ = {isa = PBXFileReference; fileEncoding = 4; lastKnownFileType = sourcecode.c.h; path = OstUICallbackImpl.h; sourceTree = "<group>"; };
		4BC8FA4B2397CDDC008F3D80 /* OstWalletRnSdkUI.h */ = {isa = PBXFileReference; fileEncoding = 4; lastKnownFileType = sourcecode.c.h; path = OstWalletRnSdkUI.h; sourceTree = "<group>"; };
		4BC8FA4C2397CDDC008F3D80 /* OstRNSdkUICallbackManager.h */ = {isa = PBXFileReference; fileEncoding = 4; lastKnownFileType = sourcecode.c.h; path = OstRNSdkUICallbackManager.h; sourceTree = "<group>"; };
		4BC8FA4D2397CDDC008F3D80 /* OstUICallbackImpl.m */ = {isa = PBXFileReference; fileEncoding = 4; lastKnownFileType = sourcecode.c.objc; path = OstUICallbackImpl.m; sourceTree = "<group>"; };
		4BC8FA4E2397CDDC008F3D80 /* OstRNErrorUtils.h */ = {isa = PBXFileReference; fileEncoding = 4; lastKnownFileType = sourcecode.c.h; path = OstRNErrorUtils.h; sourceTree = "<group>"; };
		4BC8FA4F2397CDDC008F3D80 /* OstWorkFlowCallbackImpl.m */ = {isa = PBXFileReference; fileEncoding = 4; lastKnownFileType = sourcecode.c.objc; path = OstWorkFlowCallbackImpl.m; sourceTree = "<group>"; };
		4BC8FA502397CDDC008F3D80 /* OstMessageBus.h */ = {isa = PBXFileReference; fileEncoding = 4; lastKnownFileType = sourcecode.c.h; path = OstMessageBus.h; sourceTree = "<group>"; };
		4BC8FA512397CDDC008F3D80 /* OstWalletRnSdkApi.m */ = {isa = PBXFileReference; fileEncoding = 4; lastKnownFileType = sourcecode.c.objc; path = OstWalletRnSdkApi.m; sourceTree = "<group>"; };
		4BC8FA612397CE4C008F3D80 /* OstWalletSdk.framework */ = {isa = PBXFileReference; lastKnownFileType = wrapper.framework; name = OstWalletSdk.framework; path = Carthage/Build/iOS/OstWalletSdk.framework; sourceTree = "<group>"; };
		5FC2C839D3DB2933CAEBE633 /* libPods-ostWalletRNAppTests.a */ = {isa = PBXFileReference; explicitFileType = archive.ar; includeInIndex = 0; path = "libPods-ostWalletRNAppTests.a"; sourceTree = BUILT_PRODUCTS_DIR; };
		73D642DC1EB49DFC96A7FB38 /* Pods-ostWalletRNApp-tvOSTests.release.xcconfig */ = {isa = PBXFileReference; includeInIndex = 1; lastKnownFileType = text.xcconfig; name = "Pods-ostWalletRNApp-tvOSTests.release.xcconfig"; path = "Target Support Files/Pods-ostWalletRNApp-tvOSTests/Pods-ostWalletRNApp-tvOSTests.release.xcconfig"; sourceTree = "<group>"; };
		78FB43FBED5F615F968323B1 /* Pods-ostWalletRNApp.debug.xcconfig */ = {isa = PBXFileReference; includeInIndex = 1; lastKnownFileType = text.xcconfig; name = "Pods-ostWalletRNApp.debug.xcconfig"; path = "Target Support Files/Pods-ostWalletRNApp/Pods-ostWalletRNApp.debug.xcconfig"; sourceTree = "<group>"; };
		7BBC1A2E88072198D845EC7E /* Pods-ostWalletRNApp.release.xcconfig */ = {isa = PBXFileReference; includeInIndex = 1; lastKnownFileType = text.xcconfig; name = "Pods-ostWalletRNApp.release.xcconfig"; path = "Target Support Files/Pods-ostWalletRNApp/Pods-ostWalletRNApp.release.xcconfig"; sourceTree = "<group>"; };
		938A0F5088FC3410B1E83165 /* Pods-ostWalletRNAppTests.debug.xcconfig */ = {isa = PBXFileReference; includeInIndex = 1; lastKnownFileType = text.xcconfig; name = "Pods-ostWalletRNAppTests.debug.xcconfig"; path = "Target Support Files/Pods-ostWalletRNAppTests/Pods-ostWalletRNAppTests.debug.xcconfig"; sourceTree = "<group>"; };
		A21477BCF26DA46B19FE57BF /* Pods-ostWalletRNApp-tvOS.debug.xcconfig */ = {isa = PBXFileReference; includeInIndex = 1; lastKnownFileType = text.xcconfig; name = "Pods-ostWalletRNApp-tvOS.debug.xcconfig"; path = "Target Support Files/Pods-ostWalletRNApp-tvOS/Pods-ostWalletRNApp-tvOS.debug.xcconfig"; sourceTree = "<group>"; };
		BF28F69FCE908978F5509C58 /* libPods-ostWalletRNApp-tvOSTests.a */ = {isa = PBXFileReference; explicitFileType = archive.ar; includeInIndex = 0; path = "libPods-ostWalletRNApp-tvOSTests.a"; sourceTree = BUILT_PRODUCTS_DIR; };
		D1CD798E583882B327B852B2 /* libPods-ostWalletRNApp-tvOS.a */ = {isa = PBXFileReference; explicitFileType = archive.ar; includeInIndex = 0; path = "libPods-ostWalletRNApp-tvOS.a"; sourceTree = BUILT_PRODUCTS_DIR; };
		ED297162215061F000B7C4FE /* JavaScriptCore.framework */ = {isa = PBXFileReference; lastKnownFileType = wrapper.framework; name = JavaScriptCore.framework; path = System/Library/Frameworks/JavaScriptCore.framework; sourceTree = SDKROOT; };
		ED2971642150620600B7C4FE /* JavaScriptCore.framework */ = {isa = PBXFileReference; lastKnownFileType = wrapper.framework; name = JavaScriptCore.framework; path = Platforms/AppleTVOS.platform/Developer/SDKs/AppleTVOS12.0.sdk/System/Library/Frameworks/JavaScriptCore.framework; sourceTree = DEVELOPER_DIR; };
/* End PBXFileReference section */

/* Begin PBXFrameworksBuildPhase section */
		00E356EB1AD99517003FC87E /* Frameworks */ = {
			isa = PBXFrameworksBuildPhase;
			buildActionMask = 2147483647;
			files = (
				EF9D3AF38181848F267C1A68 /* libPods-ostWalletRNAppTests.a in Frameworks */,
			);
			runOnlyForDeploymentPostprocessing = 0;
		};
		13B07F8C1A680F5B00A75B9A /* Frameworks */ = {
			isa = PBXFrameworksBuildPhase;
			buildActionMask = 2147483647;
			files = (
				9FBDC198B43C9301ED68C4D7 /* libPods-ostWalletRNApp.a in Frameworks */,
				4BC8FA622397CE4C008F3D80 /* OstWalletSdk.framework in Frameworks */,
			);
			runOnlyForDeploymentPostprocessing = 0;
		};
		2D02E4781E0B4A5D006451C7 /* Frameworks */ = {
			isa = PBXFrameworksBuildPhase;
			buildActionMask = 2147483647;
			files = (
				C55408A230C4692342AD1572 /* libPods-ostWalletRNApp-tvOS.a in Frameworks */,
			);
			runOnlyForDeploymentPostprocessing = 0;
		};
		2D02E48D1E0B4A5D006451C7 /* Frameworks */ = {
			isa = PBXFrameworksBuildPhase;
			buildActionMask = 2147483647;
			files = (
				7153A9EAE1E4E68570A3EF44 /* libPods-ostWalletRNApp-tvOSTests.a in Frameworks */,
			);
			runOnlyForDeploymentPostprocessing = 0;
		};
/* End PBXFrameworksBuildPhase section */

/* Begin PBXGroup section */
		00E356EF1AD99517003FC87E /* ostWalletRNAppTests */ = {
			isa = PBXGroup;
			children = (
				00E356F21AD99517003FC87E /* ostWalletRNAppTests.m */,
				00E356F01AD99517003FC87E /* Supporting Files */,
			);
			path = ostWalletRNAppTests;
			sourceTree = "<group>";
		};
		00E356F01AD99517003FC87E /* Supporting Files */ = {
			isa = PBXGroup;
			children = (
				00E356F11AD99517003FC87E /* Info.plist */,
			);
			name = "Supporting Files";
			sourceTree = "<group>";
		};
		13B07FAE1A68108700A75B9A /* ostWalletRNApp */ = {
			isa = PBXGroup;
			children = (
				4BC8FA312397CDDC008F3D80 /* ostwalletrnsdk */,
				008F07F21AC5B25A0029DE68 /* main.jsbundle */,
				13B07FAF1A68108700A75B9A /* AppDelegate.h */,
				13B07FB01A68108700A75B9A /* AppDelegate.m */,
				13B07FB51A68108700A75B9A /* Images.xcassets */,
				13B07FB61A68108700A75B9A /* Info.plist */,
				13B07FB11A68108700A75B9A /* LaunchScreen.xib */,
				13B07FB71A68108700A75B9A /* main.m */,
			);
			name = ostWalletRNApp;
			sourceTree = "<group>";
		};
		2D16E6871FA4F8E400B85C8A /* Frameworks */ = {
			isa = PBXGroup;
			children = (
				4BC8FA612397CE4C008F3D80 /* OstWalletSdk.framework */,
				4B06EE2B2396824000FAF630 /* libReact-cxxreact.a */,
				ED297162215061F000B7C4FE /* JavaScriptCore.framework */,
				ED2971642150620600B7C4FE /* JavaScriptCore.framework */,
				3F63017DD967F991CC78A6AE /* libPods-ostWalletRNApp.a */,
				D1CD798E583882B327B852B2 /* libPods-ostWalletRNApp-tvOS.a */,
				BF28F69FCE908978F5509C58 /* libPods-ostWalletRNApp-tvOSTests.a */,
				5FC2C839D3DB2933CAEBE633 /* libPods-ostWalletRNAppTests.a */,
			);
			name = Frameworks;
			sourceTree = "<group>";
		};
		4BC8FA312397CDDC008F3D80 /* ostwalletrnsdk */ = {
			isa = PBXGroup;
			children = (
				4BC8FA322397CDDC008F3D80 /* sdkInteracts */,
				4BC8FA3F2397CDDC008F3D80 /* OstRNErrorUtils.m */,
				4BC8FA402397CDDC008F3D80 /* OstWalletRnSdk.h */,
				4BC8FA412397CDDC008F3D80 /* OstRNSdkCallbackManager.m */,
				4BC8FA422397CDDC008F3D80 /* OstMessageBus.m */,
				4BC8FA432397CDDC008F3D80 /* OstWorkFlowCallbackImpl.h */,
				4BC8FA442397CDDC008F3D80 /* OstWalletRnSdkApi.h */,
				4BC8FA452397CDDC008F3D80 /* OstRNSdkCallbackManager.h */,
				4BC8FA462397CDDC008F3D80 /* OstWalletRnSdk.m */,
				4BC8FA472397CDDC008F3D80 /* sdkWithUI */,
				4BC8FA4E2397CDDC008F3D80 /* OstRNErrorUtils.h */,
				4BC8FA4F2397CDDC008F3D80 /* OstWorkFlowCallbackImpl.m */,
				4BC8FA502397CDDC008F3D80 /* OstMessageBus.h */,
				4BC8FA512397CDDC008F3D80 /* OstWalletRnSdkApi.m */,
			);
			name = ostwalletrnsdk;
			path = "../node_modules/@ostdotcom/ost-wallet-sdk-react-native/ios/ostwalletrnsdk";
			sourceTree = "<group>";
		};
		4BC8FA322397CDDC008F3D80 /* sdkInteracts */ = {
			isa = PBXGroup;
			children = (
				4BC8FA332397CDDC008F3D80 /* OstDeviceRegisteredWrap.h */,
				4BC8FA342397CDDC008F3D80 /* BaseSdkInteract.m */,
				4BC8FA352397CDDC008F3D80 /* OstPassphrasePrefixAcceptWrap.h */,
				4BC8FA362397CDDC008F3D80 /* OstPinAcceptWrap.m */,
				4BC8FA372397CDDC008F3D80 /* OstJsonApiCallbackImpl.m */,
				4BC8FA382397CDDC008F3D80 /* OstVerifyDataWrap.m */,
				4BC8FA392397CDDC008F3D80 /* OstDeviceRegisteredWrap.m */,
				4BC8FA3A2397CDDC008F3D80 /* BaseSdkInteract.h */,
				4BC8FA3B2397CDDC008F3D80 /* OstJsonApiCallbackImpl.h */,
				4BC8FA3C2397CDDC008F3D80 /* OstPinAcceptWrap.h */,
				4BC8FA3D2397CDDC008F3D80 /* OstPassphrasePrefixAcceptWrap.m */,
				4BC8FA3E2397CDDC008F3D80 /* OstVerifyDataWrap.h */,
			);
			path = sdkInteracts;
			sourceTree = "<group>";
		};
		4BC8FA472397CDDC008F3D80 /* sdkWithUI */ = {
			isa = PBXGroup;
			children = (
				4BC8FA482397CDDC008F3D80 /* OstRNSdkUICallbackManager.m */,
				4BC8FA492397CDDC008F3D80 /* OstWalletRnSdkUI.m */,
				4BC8FA4A2397CDDC008F3D80 /* OstUICallbackImpl.h */,
				4BC8FA4B2397CDDC008F3D80 /* OstWalletRnSdkUI.h */,
				4BC8FA4C2397CDDC008F3D80 /* OstRNSdkUICallbackManager.h */,
				4BC8FA4D2397CDDC008F3D80 /* OstUICallbackImpl.m */,
			);
			path = sdkWithUI;
			sourceTree = "<group>";
		};
		832341AE1AAA6A7D00B99B32 /* Libraries */ = {
			isa = PBXGroup;
			children = (
			);
			name = Libraries;
			sourceTree = "<group>";
		};
		83CBB9F61A601CBA00E9B192 = {
			isa = PBXGroup;
			children = (
				13B07FAE1A68108700A75B9A /* ostWalletRNApp */,
				832341AE1AAA6A7D00B99B32 /* Libraries */,
				00E356EF1AD99517003FC87E /* ostWalletRNAppTests */,
				83CBBA001A601CBA00E9B192 /* Products */,
				2D16E6871FA4F8E400B85C8A /* Frameworks */,
				932D45FF3F14A0DEEFEBE763 /* Pods */,
			);
			indentWidth = 2;
			sourceTree = "<group>";
			tabWidth = 2;
			usesTabs = 0;
		};
		83CBBA001A601CBA00E9B192 /* Products */ = {
			isa = PBXGroup;
			children = (
				13B07F961A680F5B00A75B9A /* ostWalletRNApp.app */,
				00E356EE1AD99517003FC87E /* ostWalletRNAppTests.xctest */,
				2D02E47B1E0B4A5D006451C7 /* ostWalletRNApp-tvOS.app */,
				2D02E4901E0B4A5D006451C7 /* ostWalletRNApp-tvOSTests.xctest */,
			);
			name = Products;
			sourceTree = "<group>";
		};
		932D45FF3F14A0DEEFEBE763 /* Pods */ = {
			isa = PBXGroup;
			children = (
				78FB43FBED5F615F968323B1 /* Pods-ostWalletRNApp.debug.xcconfig */,
				7BBC1A2E88072198D845EC7E /* Pods-ostWalletRNApp.release.xcconfig */,
				A21477BCF26DA46B19FE57BF /* Pods-ostWalletRNApp-tvOS.debug.xcconfig */,
				2EBC85656874384E31D89E26 /* Pods-ostWalletRNApp-tvOS.release.xcconfig */,
				141276F50AFE3457E684757C /* Pods-ostWalletRNApp-tvOSTests.debug.xcconfig */,
				73D642DC1EB49DFC96A7FB38 /* Pods-ostWalletRNApp-tvOSTests.release.xcconfig */,
				938A0F5088FC3410B1E83165 /* Pods-ostWalletRNAppTests.debug.xcconfig */,
				3C81E827A2C1FEE7027500D1 /* Pods-ostWalletRNAppTests.release.xcconfig */,
			);
			path = Pods;
			sourceTree = "<group>";
		};
/* End PBXGroup section */

/* Begin PBXNativeTarget section */
		00E356ED1AD99517003FC87E /* ostWalletRNAppTests */ = {
			isa = PBXNativeTarget;
			buildConfigurationList = 00E357021AD99517003FC87E /* Build configuration list for PBXNativeTarget "ostWalletRNAppTests" */;
			buildPhases = (
				9076FDCA33DBCCCFBA5D20E2 /* [CP] Check Pods Manifest.lock */,
				00E356EA1AD99517003FC87E /* Sources */,
				00E356EB1AD99517003FC87E /* Frameworks */,
				00E356EC1AD99517003FC87E /* Resources */,
			);
			buildRules = (
			);
			dependencies = (
				00E356F51AD99517003FC87E /* PBXTargetDependency */,
			);
			name = ostWalletRNAppTests;
			productName = ostWalletRNAppTests;
			productReference = 00E356EE1AD99517003FC87E /* ostWalletRNAppTests.xctest */;
			productType = "com.apple.product-type.bundle.unit-test";
		};
		13B07F861A680F5B00A75B9A /* ostWalletRNApp */ = {
			isa = PBXNativeTarget;
			buildConfigurationList = 13B07F931A680F5B00A75B9A /* Build configuration list for PBXNativeTarget "ostWalletRNApp" */;
			buildPhases = (
				8CFFA4CB006BBF97CA237024 /* [CP] Check Pods Manifest.lock */,
				FD10A7F022414F080027D42C /* Start Packager */,
				13B07F871A680F5B00A75B9A /* Sources */,
				13B07F8C1A680F5B00A75B9A /* Frameworks */,
				13B07F8E1A680F5B00A75B9A /* Resources */,
				00DD1BFF1BD5951E006B06BC /* Bundle React Native code and images */,
				4BC8FA892397CEDC008F3D80 /* ShellScript */,
			);
			buildRules = (
			);
			dependencies = (
			);
			name = ostWalletRNApp;
			productName = ostWalletRNApp;
			productReference = 13B07F961A680F5B00A75B9A /* ostWalletRNApp.app */;
			productType = "com.apple.product-type.application";
		};
		2D02E47A1E0B4A5D006451C7 /* ostWalletRNApp-tvOS */ = {
			isa = PBXNativeTarget;
			buildConfigurationList = 2D02E4BA1E0B4A5E006451C7 /* Build configuration list for PBXNativeTarget "ostWalletRNApp-tvOS" */;
			buildPhases = (
				42A76D0E50F15DC650534859 /* [CP] Check Pods Manifest.lock */,
				FD10A7F122414F3F0027D42C /* Start Packager */,
				2D02E4771E0B4A5D006451C7 /* Sources */,
				2D02E4781E0B4A5D006451C7 /* Frameworks */,
				2D02E4791E0B4A5D006451C7 /* Resources */,
				2D02E4CB1E0B4B27006451C7 /* Bundle React Native Code And Images */,
			);
			buildRules = (
			);
			dependencies = (
			);
			name = "ostWalletRNApp-tvOS";
			productName = "ostWalletRNApp-tvOS";
			productReference = 2D02E47B1E0B4A5D006451C7 /* ostWalletRNApp-tvOS.app */;
			productType = "com.apple.product-type.application";
		};
		2D02E48F1E0B4A5D006451C7 /* ostWalletRNApp-tvOSTests */ = {
			isa = PBXNativeTarget;
			buildConfigurationList = 2D02E4BB1E0B4A5E006451C7 /* Build configuration list for PBXNativeTarget "ostWalletRNApp-tvOSTests" */;
			buildPhases = (
				328AD307EDB2F0BBBFE68E5E /* [CP] Check Pods Manifest.lock */,
				2D02E48C1E0B4A5D006451C7 /* Sources */,
				2D02E48D1E0B4A5D006451C7 /* Frameworks */,
				2D02E48E1E0B4A5D006451C7 /* Resources */,
			);
			buildRules = (
			);
			dependencies = (
				2D02E4921E0B4A5D006451C7 /* PBXTargetDependency */,
			);
			name = "ostWalletRNApp-tvOSTests";
			productName = "ostWalletRNApp-tvOSTests";
			productReference = 2D02E4901E0B4A5D006451C7 /* ostWalletRNApp-tvOSTests.xctest */;
			productType = "com.apple.product-type.bundle.unit-test";
		};
/* End PBXNativeTarget section */

/* Begin PBXProject section */
		83CBB9F71A601CBA00E9B192 /* Project object */ = {
			isa = PBXProject;
			attributes = {
				LastUpgradeCheck = 0940;
				ORGANIZATIONNAME = Facebook;
				TargetAttributes = {
					00E356ED1AD99517003FC87E = {
						CreatedOnToolsVersion = 6.2;
						TestTargetID = 13B07F861A680F5B00A75B9A;
					};
					2D02E47A1E0B4A5D006451C7 = {
						CreatedOnToolsVersion = 8.2.1;
						ProvisioningStyle = Automatic;
					};
					2D02E48F1E0B4A5D006451C7 = {
						CreatedOnToolsVersion = 8.2.1;
						ProvisioningStyle = Automatic;
						TestTargetID = 2D02E47A1E0B4A5D006451C7;
					};
				};
			};
			buildConfigurationList = 83CBB9FA1A601CBA00E9B192 /* Build configuration list for PBXProject "ostWalletRNApp" */;
			compatibilityVersion = "Xcode 3.2";
			developmentRegion = en;
			hasScannedForEncodings = 0;
			knownRegions = (
				en,
				Base,
			);
			mainGroup = 83CBB9F61A601CBA00E9B192;
			productRefGroup = 83CBBA001A601CBA00E9B192 /* Products */;
			projectDirPath = "";
			projectRoot = "";
			targets = (
				13B07F861A680F5B00A75B9A /* ostWalletRNApp */,
				00E356ED1AD99517003FC87E /* ostWalletRNAppTests */,
				2D02E47A1E0B4A5D006451C7 /* ostWalletRNApp-tvOS */,
				2D02E48F1E0B4A5D006451C7 /* ostWalletRNApp-tvOSTests */,
			);
		};
/* End PBXProject section */

/* Begin PBXResourcesBuildPhase section */
		00E356EC1AD99517003FC87E /* Resources */ = {
			isa = PBXResourcesBuildPhase;
			buildActionMask = 2147483647;
			files = (
			);
			runOnlyForDeploymentPostprocessing = 0;
		};
		13B07F8E1A680F5B00A75B9A /* Resources */ = {
			isa = PBXResourcesBuildPhase;
			buildActionMask = 2147483647;
			files = (
				13B07FBF1A68108700A75B9A /* Images.xcassets in Resources */,
				13B07FBD1A68108700A75B9A /* LaunchScreen.xib in Resources */,
			);
			runOnlyForDeploymentPostprocessing = 0;
		};
		2D02E4791E0B4A5D006451C7 /* Resources */ = {
			isa = PBXResourcesBuildPhase;
			buildActionMask = 2147483647;
			files = (
				2D02E4BD1E0B4A84006451C7 /* Images.xcassets in Resources */,
			);
			runOnlyForDeploymentPostprocessing = 0;
		};
		2D02E48E1E0B4A5D006451C7 /* Resources */ = {
			isa = PBXResourcesBuildPhase;
			buildActionMask = 2147483647;
			files = (
			);
			runOnlyForDeploymentPostprocessing = 0;
		};
/* End PBXResourcesBuildPhase section */

/* Begin PBXShellScriptBuildPhase section */
		00DD1BFF1BD5951E006B06BC /* Bundle React Native code and images */ = {
			isa = PBXShellScriptBuildPhase;
			buildActionMask = 2147483647;
			files = (
			);
			inputPaths = (
			);
			name = "Bundle React Native code and images";
			outputPaths = (
			);
			runOnlyForDeploymentPostprocessing = 0;
			shellPath = /bin/sh;
			shellScript = "export NODE_BINARY=node\n../node_modules/react-native/scripts/react-native-xcode.sh";
		};
		2D02E4CB1E0B4B27006451C7 /* Bundle React Native Code And Images */ = {
			isa = PBXShellScriptBuildPhase;
			buildActionMask = 2147483647;
			files = (
			);
			inputPaths = (
			);
			name = "Bundle React Native Code And Images";
			outputPaths = (
			);
			runOnlyForDeploymentPostprocessing = 0;
			shellPath = /bin/sh;
			shellScript = "export NODE_BINARY=node\n../node_modules/react-native/scripts/react-native-xcode.sh";
		};
		328AD307EDB2F0BBBFE68E5E /* [CP] Check Pods Manifest.lock */ = {
			isa = PBXShellScriptBuildPhase;
			buildActionMask = 2147483647;
			files = (
			);
			inputFileListPaths = (
			);
			inputPaths = (
				"${PODS_PODFILE_DIR_PATH}/Podfile.lock",
				"${PODS_ROOT}/Manifest.lock",
			);
			name = "[CP] Check Pods Manifest.lock";
			outputFileListPaths = (
			);
			outputPaths = (
				"$(DERIVED_FILE_DIR)/Pods-ostWalletRNApp-tvOSTests-checkManifestLockResult.txt",
			);
			runOnlyForDeploymentPostprocessing = 0;
			shellPath = /bin/sh;
			shellScript = "diff \"${PODS_PODFILE_DIR_PATH}/Podfile.lock\" \"${PODS_ROOT}/Manifest.lock\" > /dev/null\nif [ $? != 0 ] ; then\n    # print error to STDERR\n    echo \"error: The sandbox is not in sync with the Podfile.lock. Run 'pod install' or update your CocoaPods installation.\" >&2\n    exit 1\nfi\n# This output is used by Xcode 'outputs' to avoid re-running this script phase.\necho \"SUCCESS\" > \"${SCRIPT_OUTPUT_FILE_0}\"\n";
			showEnvVarsInLog = 0;
		};
		42A76D0E50F15DC650534859 /* [CP] Check Pods Manifest.lock */ = {
			isa = PBXShellScriptBuildPhase;
			buildActionMask = 2147483647;
			files = (
			);
			inputFileListPaths = (
			);
			inputPaths = (
				"${PODS_PODFILE_DIR_PATH}/Podfile.lock",
				"${PODS_ROOT}/Manifest.lock",
			);
			name = "[CP] Check Pods Manifest.lock";
			outputFileListPaths = (
			);
			outputPaths = (
				"$(DERIVED_FILE_DIR)/Pods-ostWalletRNApp-tvOS-checkManifestLockResult.txt",
			);
			runOnlyForDeploymentPostprocessing = 0;
			shellPath = /bin/sh;
			shellScript = "diff \"${PODS_PODFILE_DIR_PATH}/Podfile.lock\" \"${PODS_ROOT}/Manifest.lock\" > /dev/null\nif [ $? != 0 ] ; then\n    # print error to STDERR\n    echo \"error: The sandbox is not in sync with the Podfile.lock. Run 'pod install' or update your CocoaPods installation.\" >&2\n    exit 1\nfi\n# This output is used by Xcode 'outputs' to avoid re-running this script phase.\necho \"SUCCESS\" > \"${SCRIPT_OUTPUT_FILE_0}\"\n";
			showEnvVarsInLog = 0;
		};
		4BC8FA892397CEDC008F3D80 /* ShellScript */ = {
			isa = PBXShellScriptBuildPhase;
			buildActionMask = 2147483647;
			files = (
			);
			inputFileListPaths = (
			);
			inputPaths = (
				"$(SRCROOT)/Carthage/Build/iOS/Alamofire.framework",
				"$(SRCROOT)/Carthage/Build/iOS/BigInt.framework",
				"$(SRCROOT)/Carthage/Build/iOS/CryptoEthereumSwift.framework",
				"$(SRCROOT)/Carthage/Build/iOS/CryptoSwift.framework",
				"$(SRCROOT)/Carthage/Build/iOS/EthereumKit.framework",
				"$(SRCROOT)/Carthage/Build/iOS/FMDB.framework",
				"$(SRCROOT)/Carthage/Build/iOS/SipHash.framework",
				"$(SRCROOT)/Carthage/Build/iOS/OstWalletSdk.framework",
				"$(SRCROOT)/Carthage/Build/iOS/TrustKit.framework",
			);
			outputFileListPaths = (
			);
			outputPaths = (
			);
			runOnlyForDeploymentPostprocessing = 0;
			shellPath = /bin/sh;
			shellScript = "# Type a script or drag a script file from your workspace to insert its path.\n/usr/local/bin/carthage copy-frameworks\n";
		};
		8CFFA4CB006BBF97CA237024 /* [CP] Check Pods Manifest.lock */ = {
			isa = PBXShellScriptBuildPhase;
			buildActionMask = 2147483647;
			files = (
			);
			inputFileListPaths = (
			);
			inputPaths = (
				"${PODS_PODFILE_DIR_PATH}/Podfile.lock",
				"${PODS_ROOT}/Manifest.lock",
			);
			name = "[CP] Check Pods Manifest.lock";
			outputFileListPaths = (
			);
			outputPaths = (
				"$(DERIVED_FILE_DIR)/Pods-ostWalletRNApp-checkManifestLockResult.txt",
			);
			runOnlyForDeploymentPostprocessing = 0;
			shellPath = /bin/sh;
			shellScript = "diff \"${PODS_PODFILE_DIR_PATH}/Podfile.lock\" \"${PODS_ROOT}/Manifest.lock\" > /dev/null\nif [ $? != 0 ] ; then\n    # print error to STDERR\n    echo \"error: The sandbox is not in sync with the Podfile.lock. Run 'pod install' or update your CocoaPods installation.\" >&2\n    exit 1\nfi\n# This output is used by Xcode 'outputs' to avoid re-running this script phase.\necho \"SUCCESS\" > \"${SCRIPT_OUTPUT_FILE_0}\"\n";
			showEnvVarsInLog = 0;
		};
		9076FDCA33DBCCCFBA5D20E2 /* [CP] Check Pods Manifest.lock */ = {
			isa = PBXShellScriptBuildPhase;
			buildActionMask = 2147483647;
			files = (
			);
			inputFileListPaths = (
			);
			inputPaths = (
				"${PODS_PODFILE_DIR_PATH}/Podfile.lock",
				"${PODS_ROOT}/Manifest.lock",
			);
			name = "[CP] Check Pods Manifest.lock";
			outputFileListPaths = (
			);
			outputPaths = (
				"$(DERIVED_FILE_DIR)/Pods-ostWalletRNAppTests-checkManifestLockResult.txt",
			);
			runOnlyForDeploymentPostprocessing = 0;
			shellPath = /bin/sh;
			shellScript = "diff \"${PODS_PODFILE_DIR_PATH}/Podfile.lock\" \"${PODS_ROOT}/Manifest.lock\" > /dev/null\nif [ $? != 0 ] ; then\n    # print error to STDERR\n    echo \"error: The sandbox is not in sync with the Podfile.lock. Run 'pod install' or update your CocoaPods installation.\" >&2\n    exit 1\nfi\n# This output is used by Xcode 'outputs' to avoid re-running this script phase.\necho \"SUCCESS\" > \"${SCRIPT_OUTPUT_FILE_0}\"\n";
			showEnvVarsInLog = 0;
		};
		FD10A7F022414F080027D42C /* Start Packager */ = {
			isa = PBXShellScriptBuildPhase;
			buildActionMask = 2147483647;
			files = (
			);
			inputFileListPaths = (
			);
			inputPaths = (
			);
			name = "Start Packager";
			outputFileListPaths = (
			);
			outputPaths = (
			);
			runOnlyForDeploymentPostprocessing = 0;
			shellPath = /bin/sh;
			shellScript = "export RCT_METRO_PORT=\"${RCT_METRO_PORT:=8081}\"\necho \"export RCT_METRO_PORT=${RCT_METRO_PORT}\" > \"${SRCROOT}/../node_modules/react-native/scripts/.packager.env\"\nif [ -z \"${RCT_NO_LAUNCH_PACKAGER+xxx}\" ] ; then\n  if nc -w 5 -z localhost ${RCT_METRO_PORT} ; then\n    if ! curl -s \"http://localhost:${RCT_METRO_PORT}/status\" | grep -q \"packager-status:running\" ; then\n      echo \"Port ${RCT_METRO_PORT} already in use, packager is either not running or not running correctly\"\n      exit 2\n    fi\n  else\n    open \"$SRCROOT/../node_modules/react-native/scripts/launchPackager.command\" || echo \"Can't start packager automatically\"\n  fi\nfi\n";
			showEnvVarsInLog = 0;
		};
		FD10A7F122414F3F0027D42C /* Start Packager */ = {
			isa = PBXShellScriptBuildPhase;
			buildActionMask = 2147483647;
			files = (
			);
			inputFileListPaths = (
			);
			inputPaths = (
			);
			name = "Start Packager";
			outputFileListPaths = (
			);
			outputPaths = (
			);
			runOnlyForDeploymentPostprocessing = 0;
			shellPath = /bin/sh;
			shellScript = "export RCT_METRO_PORT=\"${RCT_METRO_PORT:=8081}\"\necho \"export RCT_METRO_PORT=${RCT_METRO_PORT}\" > \"${SRCROOT}/../node_modules/react-native/scripts/.packager.env\"\nif [ -z \"${RCT_NO_LAUNCH_PACKAGER+xxx}\" ] ; then\n  if nc -w 5 -z localhost ${RCT_METRO_PORT} ; then\n    if ! curl -s \"http://localhost:${RCT_METRO_PORT}/status\" | grep -q \"packager-status:running\" ; then\n      echo \"Port ${RCT_METRO_PORT} already in use, packager is either not running or not running correctly\"\n      exit 2\n    fi\n  else\n    open \"$SRCROOT/../node_modules/react-native/scripts/launchPackager.command\" || echo \"Can't start packager automatically\"\n  fi\nfi\n";
			showEnvVarsInLog = 0;
		};
/* End PBXShellScriptBuildPhase section */

/* Begin PBXSourcesBuildPhase section */
		00E356EA1AD99517003FC87E /* Sources */ = {
			isa = PBXSourcesBuildPhase;
			buildActionMask = 2147483647;
			files = (
				00E356F31AD99517003FC87E /* ostWalletRNAppTests.m in Sources */,
			);
			runOnlyForDeploymentPostprocessing = 0;
		};
		13B07F871A680F5B00A75B9A /* Sources */ = {
			isa = PBXSourcesBuildPhase;
			buildActionMask = 2147483647;
			files = (
				4BC8FA532397CDDC008F3D80 /* OstPinAcceptWrap.m in Sources */,
				4BC8FA522397CDDC008F3D80 /* BaseSdkInteract.m in Sources */,
				4BC8FA572397CDDC008F3D80 /* OstPassphrasePrefixAcceptWrap.m in Sources */,
				4BC8FA582397CDDC008F3D80 /* OstRNErrorUtils.m in Sources */,
				4BC8FA5F2397CDDC008F3D80 /* OstWorkFlowCallbackImpl.m in Sources */,
				4BC8FA5B2397CDDC008F3D80 /* OstWalletRnSdk.m in Sources */,
				4BC8FA592397CDDC008F3D80 /* OstRNSdkCallbackManager.m in Sources */,
				4BC8FA5E2397CDDC008F3D80 /* OstUICallbackImpl.m in Sources */,
				13B07FBC1A68108700A75B9A /* AppDelegate.m in Sources */,
				13B07FC11A68108700A75B9A /* main.m in Sources */,
				4BC8FA562397CDDC008F3D80 /* OstDeviceRegisteredWrap.m in Sources */,
				4BC8FA542397CDDC008F3D80 /* OstJsonApiCallbackImpl.m in Sources */,
				4BC8FA5D2397CDDC008F3D80 /* OstWalletRnSdkUI.m in Sources */,
				4BC8FA5A2397CDDC008F3D80 /* OstMessageBus.m in Sources */,
				4BC8FA552397CDDC008F3D80 /* OstVerifyDataWrap.m in Sources */,
				4BC8FA5C2397CDDC008F3D80 /* OstRNSdkUICallbackManager.m in Sources */,
				4BC8FA602397CDDC008F3D80 /* OstWalletRnSdkApi.m in Sources */,
			);
			runOnlyForDeploymentPostprocessing = 0;
		};
		2D02E4771E0B4A5D006451C7 /* Sources */ = {
			isa = PBXSourcesBuildPhase;
			buildActionMask = 2147483647;
			files = (
				2D02E4BF1E0B4AB3006451C7 /* main.m in Sources */,
				2D02E4BC1E0B4A80006451C7 /* AppDelegate.m in Sources */,
			);
			runOnlyForDeploymentPostprocessing = 0;
		};
		2D02E48C1E0B4A5D006451C7 /* Sources */ = {
			isa = PBXSourcesBuildPhase;
			buildActionMask = 2147483647;
			files = (
				2DCD954D1E0B4F2C00145EB5 /* ostWalletRNAppTests.m in Sources */,
			);
			runOnlyForDeploymentPostprocessing = 0;
		};
/* End PBXSourcesBuildPhase section */

/* Begin PBXTargetDependency section */
		00E356F51AD99517003FC87E /* PBXTargetDependency */ = {
			isa = PBXTargetDependency;
			target = 13B07F861A680F5B00A75B9A /* ostWalletRNApp */;
			targetProxy = 00E356F41AD99517003FC87E /* PBXContainerItemProxy */;
		};
		2D02E4921E0B4A5D006451C7 /* PBXTargetDependency */ = {
			isa = PBXTargetDependency;
			target = 2D02E47A1E0B4A5D006451C7 /* ostWalletRNApp-tvOS */;
			targetProxy = 2D02E4911E0B4A5D006451C7 /* PBXContainerItemProxy */;
		};
/* End PBXTargetDependency section */

/* Begin PBXVariantGroup section */
		13B07FB11A68108700A75B9A /* LaunchScreen.xib */ = {
			isa = PBXVariantGroup;
			children = (
				13B07FB21A68108700A75B9A /* Base */,
			);
			name = LaunchScreen.xib;
			path = ostWalletRNApp;
			sourceTree = "<group>";
		};
/* End PBXVariantGroup section */

/* Begin XCBuildConfiguration section */
		00E356F61AD99517003FC87E /* Debug */ = {
			isa = XCBuildConfiguration;
			baseConfigurationReference = 938A0F5088FC3410B1E83165 /* Pods-ostWalletRNAppTests.debug.xcconfig */;
			buildSettings = {
				BUNDLE_LOADER = "$(TEST_HOST)";
				GCC_PREPROCESSOR_DEFINITIONS = (
					"DEBUG=1",
					"$(inherited)",
				);
				INFOPLIST_FILE = ostWalletRNAppTests/Info.plist;
				IPHONEOS_DEPLOYMENT_TARGET = 9.0;
				LD_RUNPATH_SEARCH_PATHS = "$(inherited) @executable_path/Frameworks @loader_path/Frameworks";
				OTHER_LDFLAGS = (
					"-ObjC",
					"-lc++",
					"$(inherited)",
				);
				PRODUCT_BUNDLE_IDENTIFIER = "org.reactjs.native.example.$(PRODUCT_NAME:rfc1034identifier)";
				PRODUCT_NAME = "$(TARGET_NAME)";
				TEST_HOST = "$(BUILT_PRODUCTS_DIR)/ostWalletRNApp.app/ostWalletRNApp";
			};
			name = Debug;
		};
		00E356F71AD99517003FC87E /* Release */ = {
			isa = XCBuildConfiguration;
			baseConfigurationReference = 3C81E827A2C1FEE7027500D1 /* Pods-ostWalletRNAppTests.release.xcconfig */;
			buildSettings = {
				BUNDLE_LOADER = "$(TEST_HOST)";
				COPY_PHASE_STRIP = NO;
				INFOPLIST_FILE = ostWalletRNAppTests/Info.plist;
				IPHONEOS_DEPLOYMENT_TARGET = 9.0;
				LD_RUNPATH_SEARCH_PATHS = "$(inherited) @executable_path/Frameworks @loader_path/Frameworks";
				OTHER_LDFLAGS = (
					"-ObjC",
					"-lc++",
					"$(inherited)",
				);
				PRODUCT_BUNDLE_IDENTIFIER = "org.reactjs.native.example.$(PRODUCT_NAME:rfc1034identifier)";
				PRODUCT_NAME = "$(TARGET_NAME)";
				TEST_HOST = "$(BUILT_PRODUCTS_DIR)/ostWalletRNApp.app/ostWalletRNApp";
			};
			name = Release;
		};
		13B07F941A680F5B00A75B9A /* Debug */ = {
			isa = XCBuildConfiguration;
			baseConfigurationReference = 78FB43FBED5F615F968323B1 /* Pods-ostWalletRNApp.debug.xcconfig */;
			buildSettings = {
				ALWAYS_EMBED_SWIFT_STANDARD_LIBRARIES = YES;
				ASSETCATALOG_COMPILER_APPICON_NAME = AppIcon;
				CURRENT_PROJECT_VERSION = 1;
				DEAD_CODE_STRIPPING = NO;
				FRAMEWORK_SEARCH_PATHS = (
					"$(inherited)",
					"$(PROJECT_DIR)/Carthage/Build/iOS",
				);
				INFOPLIST_FILE = ostWalletRNApp/Info.plist;
				IPHONEOS_DEPLOYMENT_TARGET = 11.2;
				LD_RUNPATH_SEARCH_PATHS = "$(inherited) @executable_path/Frameworks";
				OTHER_LDFLAGS = (
					"$(inherited)",
					"-ObjC",
					"-lc++",
				);
				PRODUCT_BUNDLE_IDENTIFIER = "org.reactjs.native.example.$(PRODUCT_NAME:rfc1034identifier)";
				PRODUCT_NAME = ostWalletRNApp;
				VERSIONING_SYSTEM = "apple-generic";
			};
			name = Debug;
		};
		13B07F951A680F5B00A75B9A /* Release */ = {
			isa = XCBuildConfiguration;
			baseConfigurationReference = 7BBC1A2E88072198D845EC7E /* Pods-ostWalletRNApp.release.xcconfig */;
			buildSettings = {
				ALWAYS_EMBED_SWIFT_STANDARD_LIBRARIES = YES;
				ASSETCATALOG_COMPILER_APPICON_NAME = AppIcon;
				CURRENT_PROJECT_VERSION = 1;
				FRAMEWORK_SEARCH_PATHS = (
					"$(inherited)",
					"$(PROJECT_DIR)/Carthage/Build/iOS",
				);
				INFOPLIST_FILE = ostWalletRNApp/Info.plist;
				IPHONEOS_DEPLOYMENT_TARGET = 11.2;
				LD_RUNPATH_SEARCH_PATHS = "$(inherited) @executable_path/Frameworks";
				OTHER_LDFLAGS = (
					"$(inherited)",
					"-ObjC",
					"-lc++",
				);
				PRODUCT_BUNDLE_IDENTIFIER = "org.reactjs.native.example.$(PRODUCT_NAME:rfc1034identifier)";
				PRODUCT_NAME = ostWalletRNApp;
				VERSIONING_SYSTEM = "apple-generic";
			};
			name = Release;
		};
		2D02E4971E0B4A5E006451C7 /* Debug */ = {
			isa = XCBuildConfiguration;
			baseConfigurationReference = A21477BCF26DA46B19FE57BF /* Pods-ostWalletRNApp-tvOS.debug.xcconfig */;
			buildSettings = {
				ASSETCATALOG_COMPILER_APPICON_NAME = "App Icon & Top Shelf Image";
				ASSETCATALOG_COMPILER_LAUNCHIMAGE_NAME = LaunchImage;
				CLANG_ANALYZER_NONNULL = YES;
				CLANG_WARN_DOCUMENTATION_COMMENTS = YES;
				CLANG_WARN_INFINITE_RECURSION = YES;
				CLANG_WARN_SUSPICIOUS_MOVE = YES;
				DEBUG_INFORMATION_FORMAT = dwarf;
				ENABLE_TESTABILITY = YES;
				GCC_NO_COMMON_BLOCKS = YES;
				INFOPLIST_FILE = "ostWalletRNApp-tvOS/Info.plist";
				LD_RUNPATH_SEARCH_PATHS = "$(inherited) @executable_path/Frameworks";
				OTHER_LDFLAGS = (
					"$(inherited)",
					"-ObjC",
					"-lc++",
				);
				PRODUCT_BUNDLE_IDENTIFIER = "com.facebook.REACT.ostWalletRNApp-tvOS";
				PRODUCT_NAME = "$(TARGET_NAME)";
				SDKROOT = appletvos;
				TARGETED_DEVICE_FAMILY = 3;
				TVOS_DEPLOYMENT_TARGET = 9.2;
			};
			name = Debug;
		};
		2D02E4981E0B4A5E006451C7 /* Release */ = {
			isa = XCBuildConfiguration;
			baseConfigurationReference = 2EBC85656874384E31D89E26 /* Pods-ostWalletRNApp-tvOS.release.xcconfig */;
			buildSettings = {
				ASSETCATALOG_COMPILER_APPICON_NAME = "App Icon & Top Shelf Image";
				ASSETCATALOG_COMPILER_LAUNCHIMAGE_NAME = LaunchImage;
				CLANG_ANALYZER_NONNULL = YES;
				CLANG_WARN_DOCUMENTATION_COMMENTS = YES;
				CLANG_WARN_INFINITE_RECURSION = YES;
				CLANG_WARN_SUSPICIOUS_MOVE = YES;
				COPY_PHASE_STRIP = NO;
				DEBUG_INFORMATION_FORMAT = "dwarf-with-dsym";
				GCC_NO_COMMON_BLOCKS = YES;
				INFOPLIST_FILE = "ostWalletRNApp-tvOS/Info.plist";
				LD_RUNPATH_SEARCH_PATHS = "$(inherited) @executable_path/Frameworks";
				OTHER_LDFLAGS = (
					"$(inherited)",
					"-ObjC",
					"-lc++",
				);
				PRODUCT_BUNDLE_IDENTIFIER = "com.facebook.REACT.ostWalletRNApp-tvOS";
				PRODUCT_NAME = "$(TARGET_NAME)";
				SDKROOT = appletvos;
				TARGETED_DEVICE_FAMILY = 3;
				TVOS_DEPLOYMENT_TARGET = 9.2;
			};
			name = Release;
		};
		2D02E4991E0B4A5E006451C7 /* Debug */ = {
			isa = XCBuildConfiguration;
			baseConfigurationReference = 141276F50AFE3457E684757C /* Pods-ostWalletRNApp-tvOSTests.debug.xcconfig */;
			buildSettings = {
				BUNDLE_LOADER = "$(TEST_HOST)";
				CLANG_ANALYZER_NONNULL = YES;
				CLANG_WARN_DOCUMENTATION_COMMENTS = YES;
				CLANG_WARN_INFINITE_RECURSION = YES;
				CLANG_WARN_SUSPICIOUS_MOVE = YES;
				DEBUG_INFORMATION_FORMAT = dwarf;
				ENABLE_TESTABILITY = YES;
				GCC_NO_COMMON_BLOCKS = YES;
				INFOPLIST_FILE = "ostWalletRNApp-tvOSTests/Info.plist";
				LD_RUNPATH_SEARCH_PATHS = "$(inherited) @executable_path/Frameworks @loader_path/Frameworks";
				OTHER_LDFLAGS = (
					"$(inherited)",
					"-ObjC",
					"-lc++",
				);
				PRODUCT_BUNDLE_IDENTIFIER = "com.facebook.REACT.ostWalletRNApp-tvOSTests";
				PRODUCT_NAME = "$(TARGET_NAME)";
				SDKROOT = appletvos;
				TEST_HOST = "$(BUILT_PRODUCTS_DIR)/ostWalletRNApp-tvOS.app/ostWalletRNApp-tvOS";
				TVOS_DEPLOYMENT_TARGET = 10.1;
			};
			name = Debug;
		};
		2D02E49A1E0B4A5E006451C7 /* Release */ = {
			isa = XCBuildConfiguration;
			baseConfigurationReference = 73D642DC1EB49DFC96A7FB38 /* Pods-ostWalletRNApp-tvOSTests.release.xcconfig */;
			buildSettings = {
				BUNDLE_LOADER = "$(TEST_HOST)";
				CLANG_ANALYZER_NONNULL = YES;
				CLANG_WARN_DOCUMENTATION_COMMENTS = YES;
				CLANG_WARN_INFINITE_RECURSION = YES;
				CLANG_WARN_SUSPICIOUS_MOVE = YES;
				COPY_PHASE_STRIP = NO;
				DEBUG_INFORMATION_FORMAT = "dwarf-with-dsym";
				GCC_NO_COMMON_BLOCKS = YES;
				INFOPLIST_FILE = "ostWalletRNApp-tvOSTests/Info.plist";
				LD_RUNPATH_SEARCH_PATHS = "$(inherited) @executable_path/Frameworks @loader_path/Frameworks";
				OTHER_LDFLAGS = (
					"$(inherited)",
					"-ObjC",
					"-lc++",
				);
				PRODUCT_BUNDLE_IDENTIFIER = "com.facebook.REACT.ostWalletRNApp-tvOSTests";
				PRODUCT_NAME = "$(TARGET_NAME)";
				SDKROOT = appletvos;
				TEST_HOST = "$(BUILT_PRODUCTS_DIR)/ostWalletRNApp-tvOS.app/ostWalletRNApp-tvOS";
				TVOS_DEPLOYMENT_TARGET = 10.1;
			};
			name = Release;
		};
		83CBBA201A601CBA00E9B192 /* Debug */ = {
			isa = XCBuildConfiguration;
			buildSettings = {
				ALWAYS_SEARCH_USER_PATHS = NO;
				CLANG_CXX_LANGUAGE_STANDARD = "gnu++0x";
				CLANG_CXX_LIBRARY = "libc++";
				CLANG_ENABLE_MODULES = YES;
				CLANG_ENABLE_OBJC_ARC = YES;
				CLANG_WARN_BLOCK_CAPTURE_AUTORELEASING = YES;
				CLANG_WARN_BOOL_CONVERSION = YES;
				CLANG_WARN_COMMA = YES;
				CLANG_WARN_CONSTANT_CONVERSION = YES;
				CLANG_WARN_DEPRECATED_OBJC_IMPLEMENTATIONS = YES;
				CLANG_WARN_DIRECT_OBJC_ISA_USAGE = YES_ERROR;
				CLANG_WARN_EMPTY_BODY = YES;
				CLANG_WARN_ENUM_CONVERSION = YES;
				CLANG_WARN_INFINITE_RECURSION = YES;
				CLANG_WARN_INT_CONVERSION = YES;
				CLANG_WARN_NON_LITERAL_NULL_CONVERSION = YES;
				CLANG_WARN_OBJC_IMPLICIT_RETAIN_SELF = YES;
				CLANG_WARN_OBJC_LITERAL_CONVERSION = YES;
				CLANG_WARN_OBJC_ROOT_CLASS = YES_ERROR;
				CLANG_WARN_RANGE_LOOP_ANALYSIS = YES;
				CLANG_WARN_STRICT_PROTOTYPES = YES;
				CLANG_WARN_SUSPICIOUS_MOVE = YES;
				CLANG_WARN_UNREACHABLE_CODE = YES;
				CLANG_WARN__DUPLICATE_METHOD_MATCH = YES;
				"CODE_SIGN_IDENTITY[sdk=iphoneos*]" = "iPhone Developer";
				COPY_PHASE_STRIP = NO;
				ENABLE_STRICT_OBJC_MSGSEND = YES;
				ENABLE_TESTABILITY = YES;
				GCC_C_LANGUAGE_STANDARD = gnu99;
				GCC_DYNAMIC_NO_PIC = NO;
				GCC_NO_COMMON_BLOCKS = YES;
				GCC_OPTIMIZATION_LEVEL = 0;
				GCC_PREPROCESSOR_DEFINITIONS = (
					"DEBUG=1",
					"$(inherited)",
				);
				GCC_SYMBOLS_PRIVATE_EXTERN = NO;
				GCC_WARN_64_TO_32_BIT_CONVERSION = YES;
				GCC_WARN_ABOUT_RETURN_TYPE = YES_ERROR;
				GCC_WARN_UNDECLARED_SELECTOR = YES;
				GCC_WARN_UNINITIALIZED_AUTOS = YES_AGGRESSIVE;
				GCC_WARN_UNUSED_FUNCTION = YES;
				GCC_WARN_UNUSED_VARIABLE = YES;
				IPHONEOS_DEPLOYMENT_TARGET = 9.0;
				MTL_ENABLE_DEBUG_INFO = YES;
				ONLY_ACTIVE_ARCH = YES;
				SDKROOT = iphoneos;
			};
			name = Debug;
		};
		83CBBA211A601CBA00E9B192 /* Release */ = {
			isa = XCBuildConfiguration;
			buildSettings = {
				ALWAYS_SEARCH_USER_PATHS = NO;
				CLANG_CXX_LANGUAGE_STANDARD = "gnu++0x";
				CLANG_CXX_LIBRARY = "libc++";
				CLANG_ENABLE_MODULES = YES;
				CLANG_ENABLE_OBJC_ARC = YES;
				CLANG_WARN_BLOCK_CAPTURE_AUTORELEASING = YES;
				CLANG_WARN_BOOL_CONVERSION = YES;
				CLANG_WARN_COMMA = YES;
				CLANG_WARN_CONSTANT_CONVERSION = YES;
				CLANG_WARN_DEPRECATED_OBJC_IMPLEMENTATIONS = YES;
				CLANG_WARN_DIRECT_OBJC_ISA_USAGE = YES_ERROR;
				CLANG_WARN_EMPTY_BODY = YES;
				CLANG_WARN_ENUM_CONVERSION = YES;
				CLANG_WARN_INFINITE_RECURSION = YES;
				CLANG_WARN_INT_CONVERSION = YES;
				CLANG_WARN_NON_LITERAL_NULL_CONVERSION = YES;
				CLANG_WARN_OBJC_IMPLICIT_RETAIN_SELF = YES;
				CLANG_WARN_OBJC_LITERAL_CONVERSION = YES;
				CLANG_WARN_OBJC_ROOT_CLASS = YES_ERROR;
				CLANG_WARN_RANGE_LOOP_ANALYSIS = YES;
				CLANG_WARN_STRICT_PROTOTYPES = YES;
				CLANG_WARN_SUSPICIOUS_MOVE = YES;
				CLANG_WARN_UNREACHABLE_CODE = YES;
				CLANG_WARN__DUPLICATE_METHOD_MATCH = YES;
				"CODE_SIGN_IDENTITY[sdk=iphoneos*]" = "iPhone Developer";
				COPY_PHASE_STRIP = YES;
				ENABLE_NS_ASSERTIONS = NO;
				ENABLE_STRICT_OBJC_MSGSEND = YES;
				GCC_C_LANGUAGE_STANDARD = gnu99;
				GCC_NO_COMMON_BLOCKS = YES;
				GCC_WARN_64_TO_32_BIT_CONVERSION = YES;
				GCC_WARN_ABOUT_RETURN_TYPE = YES_ERROR;
				GCC_WARN_UNDECLARED_SELECTOR = YES;
				GCC_WARN_UNINITIALIZED_AUTOS = YES_AGGRESSIVE;
				GCC_WARN_UNUSED_FUNCTION = YES;
				GCC_WARN_UNUSED_VARIABLE = YES;
				IPHONEOS_DEPLOYMENT_TARGET = 9.0;
				MTL_ENABLE_DEBUG_INFO = NO;
				SDKROOT = iphoneos;
				VALIDATE_PRODUCT = YES;
			};
			name = Release;
		};
/* End XCBuildConfiguration section */

/* Begin XCConfigurationList section */
		00E357021AD99517003FC87E /* Build configuration list for PBXNativeTarget "ostWalletRNAppTests" */ = {
			isa = XCConfigurationList;
			buildConfigurations = (
				00E356F61AD99517003FC87E /* Debug */,
				00E356F71AD99517003FC87E /* Release */,
			);
			defaultConfigurationIsVisible = 0;
			defaultConfigurationName = Release;
		};
		13B07F931A680F5B00A75B9A /* Build configuration list for PBXNativeTarget "ostWalletRNApp" */ = {
			isa = XCConfigurationList;
			buildConfigurations = (
				13B07F941A680F5B00A75B9A /* Debug */,
				13B07F951A680F5B00A75B9A /* Release */,
			);
			defaultConfigurationIsVisible = 0;
			defaultConfigurationName = Release;
		};
		2D02E4BA1E0B4A5E006451C7 /* Build configuration list for PBXNativeTarget "ostWalletRNApp-tvOS" */ = {
			isa = XCConfigurationList;
			buildConfigurations = (
				2D02E4971E0B4A5E006451C7 /* Debug */,
				2D02E4981E0B4A5E006451C7 /* Release */,
			);
			defaultConfigurationIsVisible = 0;
			defaultConfigurationName = Release;
		};
		2D02E4BB1E0B4A5E006451C7 /* Build configuration list for PBXNativeTarget "ostWalletRNApp-tvOSTests" */ = {
			isa = XCConfigurationList;
			buildConfigurations = (
				2D02E4991E0B4A5E006451C7 /* Debug */,
				2D02E49A1E0B4A5E006451C7 /* Release */,
			);
			defaultConfigurationIsVisible = 0;
			defaultConfigurationName = Release;
		};
		83CBB9FA1A601CBA00E9B192 /* Build configuration list for PBXProject "ostWalletRNApp" */ = {
			isa = XCConfigurationList;
			buildConfigurations = (
				83CBBA201A601CBA00E9B192 /* Debug */,
				83CBBA211A601CBA00E9B192 /* Release */,
			);
			defaultConfigurationIsVisible = 0;
			defaultConfigurationName = Release;
		};
/* End XCConfigurationList section */
	};
	rootObject = 83CBB9F71A601CBA00E9B192 /* Project object */;
}
